<?xml version="1.0" encoding="utf-8"?>
<Project ToolsVersion="4.0" xmlns="http://schemas.microsoft.com/developer/msbuild/2003">
  <ItemGroup>
    <Filter Include="Source Files">
      <UniqueIdentifier>{4FC737F1-C7A5-4376-A066-2A32D752A2FF}</UniqueIdentifier>
      <Extensions>cpp;c;cc;cxx;def;odl;idl;hpj;bat;asm;asmx</Extensions>
    </Filter>
    <Filter Include="Header Files">
      <UniqueIdentifier>{93995380-89BD-4b04-88EB-625FBE52EBFB}</UniqueIdentifier>
      <Extensions>h;hpp;hxx;hm;inl;inc;xsd</Extensions>
    </Filter>
  </ItemGroup>
  <ItemGroup>
    <ClInclude Include="chrCountFormat.h">
      <Filter>Header Files</Filter>
    </ClInclude>
    <ClInclude Include="chrNumberMng.h">
      <Filter>Header Files</Filter>
    </ClInclude>
    <ClInclude Include="chrNumberOptions.h">
      <Filter>Header Files</Filter>
    </ClInclude>
    <ClInclude Include="chrNumModel.h">
      <Filter>Header Files</Filter>
    </ClInclude>
    <ClInclude Include="chrNumOptimizer.h">
      <Filter>Header Files</Filter>
    </ClInclude>
    <ClInclude Include="computeUpAlgChrNum.h">
      <Filter>Header Files</Filter>
    </ClInclude>
    <ClInclude Include="dataUtils.h">
      <Filter>Header Files</Filter>
    </ClInclude>
    <ClInclude Include="evalParamChrNum.h">
      <Filter>Header Files</Filter>
    </ClInclude>
    <ClInclude Include="evalPPDistMng.h">
      <Filter>Header Files</Filter>
    </ClInclude>
    <ClInclude Include="finiteIntAlphabet.h">
      <Filter>Header Files</Filter>
    </ClInclude>
    <ClInclude Include="generalChrNumModel.h">
      <Filter>Header Files</Filter>
    </ClInclude>
    <ClInclude Include="simulateChangesAlongTree.h">
      <Filter>Header Files</Filter>
    </ClInclude>
    <ClInclude Include="simulateJumpsLargeAlphabet.h">
      <Filter>Header Files</Filter>
    </ClInclude>
    <ClInclude Include="simulatePPInPopulation.h">
      <Filter>Header Files</Filter>
    </ClInclude>
  </ItemGroup>
  <ItemGroup>
    <ClCompile Include="chrCountFormat.cpp">
      <Filter>Source Files</Filter>
    </ClCompile>
    <ClCompile Include="chrNumberMng.cpp">
      <Filter>Source Files</Filter>
    </ClCompile>
    <ClCompile Include="chrNumberOptions.cpp">
      <Filter>Source Files</Filter>
    </ClCompile>
    <ClCompile Include="chrNumModel.cpp">
      <Filter>Source Files</Filter>
    </ClCompile>
    <ClCompile Include="chrNumOptimizer.cpp">
      <Filter>Source Files</Filter>
    </ClCompile>
    <ClCompile Include="computeUpAlgChrNum.cpp">
      <Filter>Source Files</Filter>
    </ClCompile>
    <ClCompile Include="dataUtils.cpp">
      <Filter>Source Files</Filter>
    </ClCompile>
    <ClCompile Include="evalParamChrNum.cpp">
      <Filter>Source Files</Filter>
    </ClCompile>
    <ClCompile Include="evalPPDistMng.cpp">
      <Filter>Source Files</Filter>
    </ClCompile>
    <ClCompile Include="finiteIntAlphabet.cpp">
      <Filter>Source Files</Filter>
    </ClCompile>
    <ClCompile Include="generalChrNumModel.cpp">
      <Filter>Source Files</Filter>
    </ClCompile>
    <ClCompile Include="simulateChangesAlongTree.cpp">
      <Filter>Source Files</Filter>
    </ClCompile>
    <ClCompile Include="simulateJumpsLargeAlphabet.cpp">
      <Filter>Source Files</Filter>
    </ClCompile>
    <ClCompile Include="simulatePPInPopulation.cpp">
      <Filter>Source Files</Filter>
    </ClCompile>
    <ClCompile Include="chromEvol.cpp" />
  </ItemGroup>
</Project>